
Microsoft Visual Studio Solution File, Format Version 12.00
# Visual Studio Version 17
VisualStudioVersion = 17.11.35312.102
MinimumVisualStudioVersion = 10.0.40219.1
Project("{9A19103F-16F7-4668-BE54-9A1E7A4F7556}") = "CSharpEssentials.HangFireHelper", "CSharpEssentials.HangFireHelper\CSharpEssentials.HangFireHelper.csproj", "{625F19AB-EAB9-4714-B98C-3D531E045683}"
EndProject
Project("{9A19103F-16F7-4668-BE54-9A1E7A4F7556}") = "CSharpEssentials.EncryptHelper", "CSharpEssentials.EncryptHelper\CSharpEssentials.EncryptHelper.csproj", "{D63C591B-19F7-42A9-ADA1-D7613BF6A457}"
EndProject
Project("{9A19103F-16F7-4668-BE54-9A1E7A4F7556}") = "CSharpEssentials.SerializerHelper", "CSharpEssentials.SerializerHelper\CSharpEssentials.SerializerHelper.csproj", "{BE95F7D8-A28D-4659-986F-CBE986B49F26}"
EndProject
Project("{9A19103F-16F7-4668-BE54-9A1E7A4F7556}") = "CSharpEssentials.HttpHelper", "CSharpEssentials.HttpHelper\CSharpEssentials.HttpHelper.csproj", "{86EE237D-B819-42DA-B474-22B3388CA24A}"
EndProject
Project("{9A19103F-16F7-4668-BE54-9A1E7A4F7556}") = "Test", "Test\Test.csproj", "{34E02FB5-03C3-4509-A13D-DEB34F0ADB32}"
EndProject
Project("{9A19103F-16F7-4668-BE54-9A1E7A4F7556}") = "CSharpEssentials.HttpContextHelper", "CSharpEssentials.HttpContextHelper\CSharpEssentials.HttpContextHelper.csproj", "{FD68C725-45A9-42C4-A4B7-C787EB086A64}"
EndProject
Project("{2150E333-8FDC-42A3-9474-1A3956D46DE8}") = ".github", ".github", "{FE6B8933-A077-4486-B300-2362849A47AD}"
EndProject
Project("{2150E333-8FDC-42A3-9474-1A3956D46DE8}") = "workflows", "workflows", "{D8DEA354-29B0-4999-B087-D0D76B5F67D9}"
	ProjectSection(SolutionItems) = preProject
		publish.yml = publish.yml
	EndProjectSection
EndProject
Project("{9A19103F-16F7-4668-BE54-9A1E7A4F7556}") = "CSharpEssentials.RecaptchaHelper", "CSharpEssentials.RecaptchaHelper\CSharpEssentials.RecaptchaHelper.csproj", "{00510E4D-294C-4A16-9D47-EF216CB8A111}"
EndProject
Project("{9A19103F-16F7-4668-BE54-9A1E7A4F7556}") = "CSharpEssentials.LoggerHelper", "CSharpEssentials.LoggerHelper\CSharpEssentials.LoggerHelper.csproj", "{F5F7B7C0-42D2-4D1D-B196-4D1419F391CE}"
EndProject
Project("{FAE04EC0-301F-11D3-BF4B-00C04F79EFBC}") = "Demo.loggerHelper", "Demo.loggerHelper\Demo.loggerHelper.csproj", "{E2B2D04F-AB71-4A20-B39A-3393BF4C1ECD}"
EndProject
Global
	GlobalSection(SolutionConfigurationPlatforms) = preSolution
		Debug|Any CPU = Debug|Any CPU
		Release|Any CPU = Release|Any CPU
	EndGlobalSection
	GlobalSection(ProjectConfigurationPlatforms) = postSolution
		{625F19AB-EAB9-4714-B98C-3D531E045683}.Debug|Any CPU.ActiveCfg = Debug|Any CPU
		{625F19AB-EAB9-4714-B98C-3D531E045683}.Debug|Any CPU.Build.0 = Debug|Any CPU
		{625F19AB-EAB9-4714-B98C-3D531E045683}.Release|Any CPU.ActiveCfg = Release|Any CPU
		{625F19AB-EAB9-4714-B98C-3D531E045683}.Release|Any CPU.Build.0 = Release|Any CPU
		{D63C591B-19F7-42A9-ADA1-D7613BF6A457}.Debug|Any CPU.ActiveCfg = Debug|Any CPU
		{D63C591B-19F7-42A9-ADA1-D7613BF6A457}.Debug|Any CPU.Build.0 = Debug|Any CPU
		{D63C591B-19F7-42A9-ADA1-D7613BF6A457}.Release|Any CPU.ActiveCfg = Release|Any CPU
		{D63C591B-19F7-42A9-ADA1-D7613BF6A457}.Release|Any CPU.Build.0 = Release|Any CPU
		{BE95F7D8-A28D-4659-986F-CBE986B49F26}.Debug|Any CPU.ActiveCfg = Debug|Any CPU
		{BE95F7D8-A28D-4659-986F-CBE986B49F26}.Debug|Any CPU.Build.0 = Debug|Any CPU
		{BE95F7D8-A28D-4659-986F-CBE986B49F26}.Release|Any CPU.ActiveCfg = Release|Any CPU
		{BE95F7D8-A28D-4659-986F-CBE986B49F26}.Release|Any CPU.Build.0 = Release|Any CPU
		{86EE237D-B819-42DA-B474-22B3388CA24A}.Debug|Any CPU.ActiveCfg = Debug|Any CPU
		{86EE237D-B819-42DA-B474-22B3388CA24A}.Debug|Any CPU.Build.0 = Debug|Any CPU
		{86EE237D-B819-42DA-B474-22B3388CA24A}.Release|Any CPU.ActiveCfg = Release|Any CPU
		{86EE237D-B819-42DA-B474-22B3388CA24A}.Release|Any CPU.Build.0 = Release|Any CPU
		{34E02FB5-03C3-4509-A13D-DEB34F0ADB32}.Debug|Any CPU.ActiveCfg = Debug|Any CPU
		{34E02FB5-03C3-4509-A13D-DEB34F0ADB32}.Debug|Any CPU.Build.0 = Debug|Any CPU
		{34E02FB5-03C3-4509-A13D-DEB34F0ADB32}.Release|Any CPU.ActiveCfg = Release|Any CPU
		{34E02FB5-03C3-4509-A13D-DEB34F0ADB32}.Release|Any CPU.Build.0 = Release|Any CPU
		{FD68C725-45A9-42C4-A4B7-C787EB086A64}.Debug|Any CPU.ActiveCfg = Debug|Any CPU
		{FD68C725-45A9-42C4-A4B7-C787EB086A64}.Debug|Any CPU.Build.0 = Debug|Any CPU
		{FD68C725-45A9-42C4-A4B7-C787EB086A64}.Release|Any CPU.ActiveCfg = Release|Any CPU
		{FD68C725-45A9-42C4-A4B7-C787EB086A64}.Release|Any CPU.Build.0 = Release|Any CPU
		{00510E4D-294C-4A16-9D47-EF216CB8A111}.Debug|Any CPU.ActiveCfg = Debug|Any CPU
		{00510E4D-294C-4A16-9D47-EF216CB8A111}.Debug|Any CPU.Build.0 = Debug|Any CPU
		{00510E4D-294C-4A16-9D47-EF216CB8A111}.Release|Any CPU.ActiveCfg = Release|Any CPU
		{00510E4D-294C-4A16-9D47-EF216CB8A111}.Release|Any CPU.Build.0 = Release|Any CPU
		{F5F7B7C0-42D2-4D1D-B196-4D1419F391CE}.Debug|Any CPU.ActiveCfg = Debug|Any CPU
		{F5F7B7C0-42D2-4D1D-B196-4D1419F391CE}.Debug|Any CPU.Build.0 = Debug|Any CPU
		{F5F7B7C0-42D2-4D1D-B196-4D1419F391CE}.Release|Any CPU.ActiveCfg = Release|Any CPU
		{F5F7B7C0-42D2-4D1D-B196-4D1419F391CE}.Release|Any CPU.Build.0 = Release|Any CPU
		{E2B2D04F-AB71-4A20-B39A-3393BF4C1ECD}.Debug|Any CPU.ActiveCfg = Debug|Any CPU
		{E2B2D04F-AB71-4A20-B39A-3393BF4C1ECD}.Debug|Any CPU.Build.0 = Debug|Any CPU
		{E2B2D04F-AB71-4A20-B39A-3393BF4C1ECD}.Release|Any CPU.ActiveCfg = Release|Any CPU
		{E2B2D04F-AB71-4A20-B39A-3393BF4C1ECD}.Release|Any CPU.Build.0 = Release|Any CPU
	EndGlobalSection
	GlobalSection(SolutionProperties) = preSolution
		HideSolutionNode = FALSE
	EndGlobalSection
	GlobalSection(NestedProjects) = preSolution
		{D8DEA354-29B0-4999-B087-D0D76B5F67D9} = {FE6B8933-A077-4486-B300-2362849A47AD}
	EndGlobalSection
	GlobalSection(ExtensibilityGlobals) = postSolution
		SolutionGuid = {FBBDFE16-2C65-4465-9DC9-C3B7BE447C7A}
	EndGlobalSection
EndGlobal
