
Microsoft Visual Studio Solution File, Format Version 12.00
# Visual Studio Version 17
VisualStudioVersion = 17.11.35312.102
MinimumVisualStudioVersion = 10.0.40219.1
Project("{9A19103F-16F7-4668-BE54-9A1E7A4F7556}") = "CSharpEssentials.HangFireHelper", "CSharpEssentials.HangFireHelper\CSharpEssentials.HangFireHelper.csproj", "{625F19AB-EAB9-4714-B98C-3D531E045683}"
EndProject
Project("{9A19103F-16F7-4668-BE54-9A1E7A4F7556}") = "CSharpEssentials.EncryptHelper", "CSharpEssentials.EncryptHelper\CSharpEssentials.EncryptHelper.csproj", "{D63C591B-19F7-42A9-ADA1-D7613BF6A457}"
EndProject
Project("{9A19103F-16F7-4668-BE54-9A1E7A4F7556}") = "CSharpEssentials.SerializerHelper", "CSharpEssentials.SerializerHelper\CSharpEssentials.SerializerHelper.csproj", "{BE95F7D8-A28D-4659-986F-CBE986B49F26}"
EndProject
Project("{9A19103F-16F7-4668-BE54-9A1E7A4F7556}") = "CSharpEssentials.HttpHelper", "CSharpEssentials.HttpHelper\CSharpEssentials.HttpHelper.csproj", "{86EE237D-B819-42DA-B474-22B3388CA24A}"
EndProject
Project("{9A19103F-16F7-4668-BE54-9A1E7A4F7556}") = "Test8.0", "Test8.0\Test8.0.csproj", "{34E02FB5-03C3-4509-A13D-DEB34F0ADB32}"
EndProject
Project("{9A19103F-16F7-4668-BE54-9A1E7A4F7556}") = "CSharpEssentials.HttpContextHelper", "CSharpEssentials.HttpContextHelper\CSharpEssentials.HttpContextHelper.csproj", "{FD68C725-45A9-42C4-A4B7-C787EB086A64}"
EndProject
Project("{2150E333-8FDC-42A3-9474-1A3956D46DE8}") = ".github", ".github", "{FE6B8933-A077-4486-B300-2362849A47AD}"
EndProject
Project("{2150E333-8FDC-42A3-9474-1A3956D46DE8}") = "workflows", "workflows", "{D8DEA354-29B0-4999-B087-D0D76B5F67D9}"
	ProjectSection(SolutionItems) = preProject
		publish.yml = publish.yml
	EndProjectSection
EndProject
Project("{9A19103F-16F7-4668-BE54-9A1E7A4F7556}") = "CSharpEssentials.RecaptchaHelper", "CSharpEssentials.RecaptchaHelper\CSharpEssentials.RecaptchaHelper.csproj", "{00510E4D-294C-4A16-9D47-EF216CB8A111}"
EndProject
Project("{9A19103F-16F7-4668-BE54-9A1E7A4F7556}") = "CSharpEssentials.LoggerHelper", "CSharpEssentials.LoggerHelper\CSharpEssentials.LoggerHelper.csproj", "{F5F7B7C0-42D2-4D1D-B196-4D1419F391CE}"
EndProject
Project("{9A19103F-16F7-4668-BE54-9A1E7A4F7556}") = "Test6.0", "Test6.0\Test6.0.csproj", "{CCC1AACF-4E83-4C01-8D50-2BE11E9B4289}"
EndProject
Project("{9A19103F-16F7-4668-BE54-9A1E7A4F7556}") = "CSharpEssentials.LoggerHelper.Telemetry", "CSharpEssentials.LoggerHelper.Telemetry\CSharpEssentials.LoggerHelper.Telemetry.csproj", "{42939CC7-D4F0-4C07-8424-8E8674738768}"
EndProject
Project("{E24C65DC-7377-472B-9ABA-BC803B73C61A}") = "dashboard-nuget", "dashboard-nuget\", "{3E1BD27F-2E77-4C40-91A7-44B8E13EAF0A}"
	ProjectSection(WebsiteProperties) = preProject
		TargetFrameworkMoniker = ".NETFramework,Version%3Dv4.0"
		Debug.AspNetCompiler.VirtualPath = "/localhost_56521"
		Debug.AspNetCompiler.PhysicalPath = "dashboard-nuget\"
		Debug.AspNetCompiler.TargetPath = "PrecompiledWeb\localhost_56521\"
		Debug.AspNetCompiler.Updateable = "true"
		Debug.AspNetCompiler.ForceOverwrite = "true"
		Debug.AspNetCompiler.FixedNames = "false"
		Debug.AspNetCompiler.Debug = "True"
		Release.AspNetCompiler.VirtualPath = "/localhost_56521"
		Release.AspNetCompiler.PhysicalPath = "dashboard-nuget\"
		Release.AspNetCompiler.TargetPath = "PrecompiledWeb\localhost_56521\"
		Release.AspNetCompiler.Updateable = "true"
		Release.AspNetCompiler.ForceOverwrite = "true"
		Release.AspNetCompiler.FixedNames = "false"
		Release.AspNetCompiler.Debug = "False"
		VWDPort = "56521"
		SlnRelativePath = "dashboard-nuget\"
	EndProjectSection
EndProject
Project("{9A19103F-16F7-4668-BE54-9A1E7A4F7556}") = "CSharpEssentials.LoggerHelper.Sink.MSSqlServer", "CSharpEssentials.LoggerHelper.Sink.MSSqlServer\CSharpEssentials.LoggerHelper.Sink.MSSqlServer.csproj", "{65E4759C-9BF1-47AD-A158-8A7E39FDF9D4}"
EndProject
Project("{9A19103F-16F7-4668-BE54-9A1E7A4F7556}") = "CSharpEssentials.LoggerHelper.Sink.Postgresql", "CSharpEssentials.LoggerHelper.Sink.Postgresql\CSharpEssentials.LoggerHelper.Sink.Postgresql.csproj", "{134B59B8-4BCC-4A9E-A670-3D9FB5D4F8AD}"
EndProject
Project("{9A19103F-16F7-4668-BE54-9A1E7A4F7556}") = "CSharpEssentials.LoggerHelper.Sink.Elasticsearch", "CSharpEssentials.LoggerHelper.Sink.Elasticsearch\CSharpEssentials.LoggerHelper.Sink.Elasticsearch.csproj", "{5CFCB118-40DC-4D2C-934C-0E98CB421DBC}"
EndProject
Project("{9A19103F-16F7-4668-BE54-9A1E7A4F7556}") = "CSharpEssentials.LoggerHelper.Sink.File", "CSharpEssentials.LoggerHelper.Sink.File\CSharpEssentials.LoggerHelper.Sink.File.csproj", "{F041C304-EEEF-4616-BE55-7A7B1C1DED8E}"
EndProject
Project("{9A19103F-16F7-4668-BE54-9A1E7A4F7556}") = "CSharpEssentials.LoggerHelper.Sink.Console", "CSharpEssentials.LoggerHelper.Sink.Console\CSharpEssentials.LoggerHelper.Sink.Console.csproj", "{FEDF352B-F191-439C-8043-73A4E853D20B}"
EndProject
Global
	GlobalSection(SolutionConfigurationPlatforms) = preSolution
		Debug|Any CPU = Debug|Any CPU
		Release|Any CPU = Release|Any CPU
	EndGlobalSection
	GlobalSection(ProjectConfigurationPlatforms) = postSolution
		{625F19AB-EAB9-4714-B98C-3D531E045683}.Debug|Any CPU.ActiveCfg = Debug|Any CPU
		{625F19AB-EAB9-4714-B98C-3D531E045683}.Debug|Any CPU.Build.0 = Debug|Any CPU
		{625F19AB-EAB9-4714-B98C-3D531E045683}.Release|Any CPU.ActiveCfg = Release|Any CPU
		{625F19AB-EAB9-4714-B98C-3D531E045683}.Release|Any CPU.Build.0 = Release|Any CPU
		{D63C591B-19F7-42A9-ADA1-D7613BF6A457}.Debug|Any CPU.ActiveCfg = Debug|Any CPU
		{D63C591B-19F7-42A9-ADA1-D7613BF6A457}.Debug|Any CPU.Build.0 = Debug|Any CPU
		{D63C591B-19F7-42A9-ADA1-D7613BF6A457}.Release|Any CPU.ActiveCfg = Release|Any CPU
		{D63C591B-19F7-42A9-ADA1-D7613BF6A457}.Release|Any CPU.Build.0 = Release|Any CPU
		{BE95F7D8-A28D-4659-986F-CBE986B49F26}.Debug|Any CPU.ActiveCfg = Debug|Any CPU
		{BE95F7D8-A28D-4659-986F-CBE986B49F26}.Debug|Any CPU.Build.0 = Debug|Any CPU
		{BE95F7D8-A28D-4659-986F-CBE986B49F26}.Release|Any CPU.ActiveCfg = Release|Any CPU
		{BE95F7D8-A28D-4659-986F-CBE986B49F26}.Release|Any CPU.Build.0 = Release|Any CPU
		{86EE237D-B819-42DA-B474-22B3388CA24A}.Debug|Any CPU.ActiveCfg = Debug|Any CPU
		{86EE237D-B819-42DA-B474-22B3388CA24A}.Debug|Any CPU.Build.0 = Debug|Any CPU
		{86EE237D-B819-42DA-B474-22B3388CA24A}.Release|Any CPU.ActiveCfg = Release|Any CPU
		{86EE237D-B819-42DA-B474-22B3388CA24A}.Release|Any CPU.Build.0 = Release|Any CPU
		{34E02FB5-03C3-4509-A13D-DEB34F0ADB32}.Debug|Any CPU.ActiveCfg = Debug|Any CPU
		{34E02FB5-03C3-4509-A13D-DEB34F0ADB32}.Debug|Any CPU.Build.0 = Debug|Any CPU
		{34E02FB5-03C3-4509-A13D-DEB34F0ADB32}.Release|Any CPU.ActiveCfg = Release|Any CPU
		{34E02FB5-03C3-4509-A13D-DEB34F0ADB32}.Release|Any CPU.Build.0 = Release|Any CPU
		{FD68C725-45A9-42C4-A4B7-C787EB086A64}.Debug|Any CPU.ActiveCfg = Debug|Any CPU
		{FD68C725-45A9-42C4-A4B7-C787EB086A64}.Debug|Any CPU.Build.0 = Debug|Any CPU
		{FD68C725-45A9-42C4-A4B7-C787EB086A64}.Release|Any CPU.ActiveCfg = Release|Any CPU
		{FD68C725-45A9-42C4-A4B7-C787EB086A64}.Release|Any CPU.Build.0 = Release|Any CPU
		{00510E4D-294C-4A16-9D47-EF216CB8A111}.Debug|Any CPU.ActiveCfg = Debug|Any CPU
		{00510E4D-294C-4A16-9D47-EF216CB8A111}.Debug|Any CPU.Build.0 = Debug|Any CPU
		{00510E4D-294C-4A16-9D47-EF216CB8A111}.Release|Any CPU.ActiveCfg = Release|Any CPU
		{00510E4D-294C-4A16-9D47-EF216CB8A111}.Release|Any CPU.Build.0 = Release|Any CPU
		{F5F7B7C0-42D2-4D1D-B196-4D1419F391CE}.Debug|Any CPU.ActiveCfg = Debug|Any CPU
		{F5F7B7C0-42D2-4D1D-B196-4D1419F391CE}.Debug|Any CPU.Build.0 = Debug|Any CPU
		{F5F7B7C0-42D2-4D1D-B196-4D1419F391CE}.Release|Any CPU.ActiveCfg = Release|Any CPU
		{F5F7B7C0-42D2-4D1D-B196-4D1419F391CE}.Release|Any CPU.Build.0 = Release|Any CPU
		{CCC1AACF-4E83-4C01-8D50-2BE11E9B4289}.Debug|Any CPU.ActiveCfg = Debug|Any CPU
		{CCC1AACF-4E83-4C01-8D50-2BE11E9B4289}.Debug|Any CPU.Build.0 = Debug|Any CPU
		{CCC1AACF-4E83-4C01-8D50-2BE11E9B4289}.Release|Any CPU.ActiveCfg = Release|Any CPU
		{CCC1AACF-4E83-4C01-8D50-2BE11E9B4289}.Release|Any CPU.Build.0 = Release|Any CPU
		{42939CC7-D4F0-4C07-8424-8E8674738768}.Debug|Any CPU.ActiveCfg = Debug|Any CPU
		{42939CC7-D4F0-4C07-8424-8E8674738768}.Debug|Any CPU.Build.0 = Debug|Any CPU
		{42939CC7-D4F0-4C07-8424-8E8674738768}.Release|Any CPU.ActiveCfg = Release|Any CPU
		{42939CC7-D4F0-4C07-8424-8E8674738768}.Release|Any CPU.Build.0 = Release|Any CPU
		{3E1BD27F-2E77-4C40-91A7-44B8E13EAF0A}.Debug|Any CPU.ActiveCfg = Debug|Any CPU
		{3E1BD27F-2E77-4C40-91A7-44B8E13EAF0A}.Debug|Any CPU.Build.0 = Debug|Any CPU
		{3E1BD27F-2E77-4C40-91A7-44B8E13EAF0A}.Release|Any CPU.ActiveCfg = Debug|Any CPU
		{3E1BD27F-2E77-4C40-91A7-44B8E13EAF0A}.Release|Any CPU.Build.0 = Debug|Any CPU
		{65E4759C-9BF1-47AD-A158-8A7E39FDF9D4}.Debug|Any CPU.ActiveCfg = Debug|Any CPU
		{65E4759C-9BF1-47AD-A158-8A7E39FDF9D4}.Debug|Any CPU.Build.0 = Debug|Any CPU
		{65E4759C-9BF1-47AD-A158-8A7E39FDF9D4}.Release|Any CPU.ActiveCfg = Release|Any CPU
		{65E4759C-9BF1-47AD-A158-8A7E39FDF9D4}.Release|Any CPU.Build.0 = Release|Any CPU
		{134B59B8-4BCC-4A9E-A670-3D9FB5D4F8AD}.Debug|Any CPU.ActiveCfg = Debug|Any CPU
		{134B59B8-4BCC-4A9E-A670-3D9FB5D4F8AD}.Debug|Any CPU.Build.0 = Debug|Any CPU
		{134B59B8-4BCC-4A9E-A670-3D9FB5D4F8AD}.Release|Any CPU.ActiveCfg = Release|Any CPU
		{134B59B8-4BCC-4A9E-A670-3D9FB5D4F8AD}.Release|Any CPU.Build.0 = Release|Any CPU
		{5CFCB118-40DC-4D2C-934C-0E98CB421DBC}.Debug|Any CPU.ActiveCfg = Debug|Any CPU
		{5CFCB118-40DC-4D2C-934C-0E98CB421DBC}.Debug|Any CPU.Build.0 = Debug|Any CPU
		{5CFCB118-40DC-4D2C-934C-0E98CB421DBC}.Release|Any CPU.ActiveCfg = Release|Any CPU
		{5CFCB118-40DC-4D2C-934C-0E98CB421DBC}.Release|Any CPU.Build.0 = Release|Any CPU
		{F041C304-EEEF-4616-BE55-7A7B1C1DED8E}.Debug|Any CPU.ActiveCfg = Debug|Any CPU
		{F041C304-EEEF-4616-BE55-7A7B1C1DED8E}.Debug|Any CPU.Build.0 = Debug|Any CPU
		{F041C304-EEEF-4616-BE55-7A7B1C1DED8E}.Release|Any CPU.ActiveCfg = Release|Any CPU
		{F041C304-EEEF-4616-BE55-7A7B1C1DED8E}.Release|Any CPU.Build.0 = Release|Any CPU
		{FEDF352B-F191-439C-8043-73A4E853D20B}.Debug|Any CPU.ActiveCfg = Debug|Any CPU
		{FEDF352B-F191-439C-8043-73A4E853D20B}.Debug|Any CPU.Build.0 = Debug|Any CPU
		{FEDF352B-F191-439C-8043-73A4E853D20B}.Release|Any CPU.ActiveCfg = Release|Any CPU
		{FEDF352B-F191-439C-8043-73A4E853D20B}.Release|Any CPU.Build.0 = Release|Any CPU
	EndGlobalSection
	GlobalSection(SolutionProperties) = preSolution
		HideSolutionNode = FALSE
	EndGlobalSection
	GlobalSection(NestedProjects) = preSolution
		{D8DEA354-29B0-4999-B087-D0D76B5F67D9} = {FE6B8933-A077-4486-B300-2362849A47AD}
	EndGlobalSection
	GlobalSection(ExtensibilityGlobals) = postSolution
		SolutionGuid = {FBBDFE16-2C65-4465-9DC9-C3B7BE447C7A}
	EndGlobalSection
EndGlobal
