
Microsoft Visual Studio Solution File, Format Version 12.00
# Visual Studio Version 17
VisualStudioVersion = 17.11.35312.102
MinimumVisualStudioVersion = 10.0.40219.1
Project("{9A19103F-16F7-4668-BE54-9A1E7A4F7556}") = "CSharpEssentials.HangFireHelper", "CSharpEssentials.HangFireHelper\CSharpEssentials.HangFireHelper.csproj", "{625F19AB-EAB9-4714-B98C-3D531E045683}"
EndProject
Project("{9A19103F-16F7-4668-BE54-9A1E7A4F7556}") = "CSharpEssentials.EncryptHelper", "CSharpEssentials.EncryptHelper\CSharpEssentials.EncryptHelper.csproj", "{D63C591B-19F7-42A9-ADA1-D7613BF6A457}"
EndProject
Project("{9A19103F-16F7-4668-BE54-9A1E7A4F7556}") = "CSharpEssentials.SerializerHelper", "CSharpEssentials.SerializerHelper\CSharpEssentials.SerializerHelper.csproj", "{BE95F7D8-A28D-4659-986F-CBE986B49F26}"
EndProject
Project("{9A19103F-16F7-4668-BE54-9A1E7A4F7556}") = "CSharpEssentials.HttpHelper", "CSharpEssentials.HttpHelper\CSharpEssentials.HttpHelper.csproj", "{86EE237D-B819-42DA-B474-22B3388CA24A}"
EndProject
Project("{9A19103F-16F7-4668-BE54-9A1E7A4F7556}") = "Test8.0", "Test8.0\Test8.0.csproj", "{34E02FB5-03C3-4509-A13D-DEB34F0ADB32}"
EndProject
Project("{9A19103F-16F7-4668-BE54-9A1E7A4F7556}") = "CSharpEssentials.HttpContextHelper", "CSharpEssentials.HttpContextHelper\CSharpEssentials.HttpContextHelper.csproj", "{FD68C725-45A9-42C4-A4B7-C787EB086A64}"
EndProject
Project("{2150E333-8FDC-42A3-9474-1A3956D46DE8}") = ".github", ".github", "{FE6B8933-A077-4486-B300-2362849A47AD}"
EndProject
Project("{2150E333-8FDC-42A3-9474-1A3956D46DE8}") = "workflows", "workflows", "{D8DEA354-29B0-4999-B087-D0D76B5F67D9}"
	ProjectSection(SolutionItems) = preProject
		publish.yml = publish.yml
	EndProjectSection
EndProject
Project("{9A19103F-16F7-4668-BE54-9A1E7A4F7556}") = "CSharpEssentials.RecaptchaHelper", "CSharpEssentials.RecaptchaHelper\CSharpEssentials.RecaptchaHelper.csproj", "{00510E4D-294C-4A16-9D47-EF216CB8A111}"
EndProject
Project("{9A19103F-16F7-4668-BE54-9A1E7A4F7556}") = "CSharpEssentials.LoggerHelper", "CSharpEssentials.LoggerHelper\CSharpEssentials.LoggerHelper.csproj", "{F5F7B7C0-42D2-4D1D-B196-4D1419F391CE}"
EndProject
Project("{9A19103F-16F7-4668-BE54-9A1E7A4F7556}") = "Test6.0", "Test6.0\Test6.0.csproj", "{CCC1AACF-4E83-4C01-8D50-2BE11E9B4289}"
EndProject
Project("{9A19103F-16F7-4668-BE54-9A1E7A4F7556}") = "CSharpEssentials.LoggerHelper.Telemetry", "CSharpEssentials.LoggerHelper.Telemetry\CSharpEssentials.LoggerHelper.Telemetry.csproj", "{42939CC7-D4F0-4C07-8424-8E8674738768}"
EndProject
Project("{E24C65DC-7377-472B-9ABA-BC803B73C61A}") = "dashboard-nuget", "dashboard-nuget\", "{3E1BD27F-2E77-4C40-91A7-44B8E13EAF0A}"
	ProjectSection(WebsiteProperties) = preProject
		TargetFrameworkMoniker = ".NETFramework,Version%3Dv4.8"
		Debug.AspNetCompiler.VirtualPath = "/localhost_56521"
		Debug.AspNetCompiler.PhysicalPath = "dashboard-nuget\"
		Debug.AspNetCompiler.TargetPath = "PrecompiledWeb\localhost_56521\"
		Debug.AspNetCompiler.Updateable = "true"
		Debug.AspNetCompiler.ForceOverwrite = "true"
		Debug.AspNetCompiler.FixedNames = "false"
		Debug.AspNetCompiler.Debug = "True"
		Release.AspNetCompiler.VirtualPath = "/localhost_56521"
		Release.AspNetCompiler.PhysicalPath = "dashboard-nuget\"
		Release.AspNetCompiler.TargetPath = "PrecompiledWeb\localhost_56521\"
		Release.AspNetCompiler.Updateable = "true"
		Release.AspNetCompiler.ForceOverwrite = "true"
		Release.AspNetCompiler.FixedNames = "false"
		Release.AspNetCompiler.Debug = "False"
		VWDPort = "56521"
		SlnRelativePath = "dashboard-nuget\"
	EndProjectSection
EndProject
Project("{FAE04EC0-301F-11D3-BF4B-00C04F79EFBC}") = "CSharpEssentials.LoggerHelper.Sink.Console", "CSharpEssentials.LoggerHelper.Sink.Console\CSharpEssentials.LoggerHelper.Sink.Console.csproj", "{8ECF2DE9-03C1-1590-EF61-D5F56114455D}"
EndProject
Project("{FAE04EC0-301F-11D3-BF4B-00C04F79EFBC}") = "CSharpEssentials.LoggerHelper.Sink.Elasticsearch", "CSharpEssentials.LoggerHelper.Sink.Elasticsearch\CSharpEssentials.LoggerHelper.Sink.Elasticsearch.csproj", "{E6256244-C9FF-BF13-5469-6ADB59EB7D9F}"
EndProject
Project("{FAE04EC0-301F-11D3-BF4B-00C04F79EFBC}") = "CSharpEssentials.LoggerHelper.Sink.File", "CSharpEssentials.LoggerHelper.Sink.File\CSharpEssentials.LoggerHelper.Sink.File.csproj", "{F87B683E-AA81-9EFB-BE52-FFBE6C40B09E}"
EndProject
Project("{FAE04EC0-301F-11D3-BF4B-00C04F79EFBC}") = "CSharpEssentials.LoggerHelper.Sink.MSSqlServer", "CSharpEssentials.LoggerHelper.Sink.MSSqlServer\CSharpEssentials.LoggerHelper.Sink.MSSqlServer.csproj", "{76001555-6640-D66F-E9E8-72A8794131A2}"
EndProject
Project("{FAE04EC0-301F-11D3-BF4B-00C04F79EFBC}") = "CSharpEssentials.LoggerHelper.Sink.Postgresql", "CSharpEssentials.LoggerHelper.Sink.Postgresql\CSharpEssentials.LoggerHelper.Sink.Postgresql.csproj", "{A58B193F-D567-B656-C77F-9E23B4FC6807}"
EndProject
Project("{FAE04EC0-301F-11D3-BF4B-00C04F79EFBC}") = "LoggerHelperDemo", "LoggerHelperDemo\LoggerHelperDemo\LoggerHelperDemo.csproj", "{0DB4F5AF-56B4-3032-859E-8D9368CB810A}"
EndProject
Project("{FAE04EC0-301F-11D3-BF4B-00C04F79EFBC}") = "CSharpEssentials.LoggerHelper.Sink.Telegram", "CSharpEssentials.LoggerHelper.Sink.Telegram\CSharpEssentials.LoggerHelper.Sink.Telegram.csproj", "{2A0F21A5-D05E-470C-B343-F76FA96A22A9}"
EndProject
Project("{FAE04EC0-301F-11D3-BF4B-00C04F79EFBC}") = "CSharpEssentials.LoggerHelper.Sink.Email", "CSharpEssentials.LoggerHelper.Sink.Email\CSharpEssentials.LoggerHelper.Sink.Email.csproj", "{4D66D2BA-8AAB-4C44-98C6-8AAD00D04AFA}"
EndProject
Project("{FAE04EC0-301F-11D3-BF4B-00C04F79EFBC}") = "LoggerHelperDemo.Tests", "LoggerHelperDemo.Tests\LoggerHelperDemo.Tests.csproj", "{8FA03182-9783-4425-8E6A-A53A1C03E578}"
EndProject
Project("{FAE04EC0-301F-11D3-BF4B-00C04F79EFBC}") = "CSharpEssentials.LoggerHelper.xUnit", "CSharpEssentials.LoggerHelper.xUnit\CSharpEssentials.LoggerHelper.xUnit.csproj", "{37F0BFA4-C5C9-441E-8C4F-010324A31D57}"
EndProject
Project("{FAE04EC0-301F-11D3-BF4B-00C04F79EFBC}") = "CSharpEssentials.LoggerHelper.Dashboard", "CSharpEssentials.LoggerHelper.Dashboard\CSharpEssentials.LoggerHelper.Dashboard.csproj", "{16E9094D-57D2-400A-9C44-2804436FCBEE}"
EndProject
Project("{FAE04EC0-301F-11D3-BF4B-00C04F79EFBC}") = "CSharpEssentials.LoggerHelper.AI", "CSharpEssentials.LoggerHelper.AI\CSharpEssentials.LoggerHelper.AI.csproj", "{05EDB3AF-82D3-4AEB-A66F-8CE2EA3E0D20}"
EndProject
Project("{FAE04EC0-301F-11D3-BF4B-00C04F79EFBC}") = "CSharpEssentials.LoggerHelper.Sink.Seq", "CSharpEssentials.LoggerHelper.Sink.Seq\CSharpEssentials.LoggerHelper.Sink.Seq.csproj", "{BDCFCAEF-7634-42F8-8760-71A0514DE0DD}"
EndProject
Global
	GlobalSection(SolutionConfigurationPlatforms) = preSolution
		Debug|Any CPU = Debug|Any CPU
		Release|Any CPU = Release|Any CPU
	EndGlobalSection
	GlobalSection(ProjectConfigurationPlatforms) = postSolution
		{625F19AB-EAB9-4714-B98C-3D531E045683}.Debug|Any CPU.ActiveCfg = Debug|Any CPU
		{625F19AB-EAB9-4714-B98C-3D531E045683}.Debug|Any CPU.Build.0 = Debug|Any CPU
		{625F19AB-EAB9-4714-B98C-3D531E045683}.Release|Any CPU.ActiveCfg = Release|Any CPU
		{625F19AB-EAB9-4714-B98C-3D531E045683}.Release|Any CPU.Build.0 = Release|Any CPU
		{D63C591B-19F7-42A9-ADA1-D7613BF6A457}.Debug|Any CPU.ActiveCfg = Debug|Any CPU
		{D63C591B-19F7-42A9-ADA1-D7613BF6A457}.Debug|Any CPU.Build.0 = Debug|Any CPU
		{D63C591B-19F7-42A9-ADA1-D7613BF6A457}.Release|Any CPU.ActiveCfg = Release|Any CPU
		{D63C591B-19F7-42A9-ADA1-D7613BF6A457}.Release|Any CPU.Build.0 = Release|Any CPU
		{BE95F7D8-A28D-4659-986F-CBE986B49F26}.Debug|Any CPU.ActiveCfg = Debug|Any CPU
		{BE95F7D8-A28D-4659-986F-CBE986B49F26}.Debug|Any CPU.Build.0 = Debug|Any CPU
		{BE95F7D8-A28D-4659-986F-CBE986B49F26}.Release|Any CPU.ActiveCfg = Release|Any CPU
		{BE95F7D8-A28D-4659-986F-CBE986B49F26}.Release|Any CPU.Build.0 = Release|Any CPU
		{86EE237D-B819-42DA-B474-22B3388CA24A}.Debug|Any CPU.ActiveCfg = Debug|Any CPU
		{86EE237D-B819-42DA-B474-22B3388CA24A}.Debug|Any CPU.Build.0 = Debug|Any CPU
		{86EE237D-B819-42DA-B474-22B3388CA24A}.Release|Any CPU.ActiveCfg = Release|Any CPU
		{86EE237D-B819-42DA-B474-22B3388CA24A}.Release|Any CPU.Build.0 = Release|Any CPU
		{34E02FB5-03C3-4509-A13D-DEB34F0ADB32}.Debug|Any CPU.ActiveCfg = Debug|Any CPU
		{34E02FB5-03C3-4509-A13D-DEB34F0ADB32}.Debug|Any CPU.Build.0 = Debug|Any CPU
		{34E02FB5-03C3-4509-A13D-DEB34F0ADB32}.Release|Any CPU.ActiveCfg = Release|Any CPU
		{34E02FB5-03C3-4509-A13D-DEB34F0ADB32}.Release|Any CPU.Build.0 = Release|Any CPU
		{FD68C725-45A9-42C4-A4B7-C787EB086A64}.Debug|Any CPU.ActiveCfg = Debug|Any CPU
		{FD68C725-45A9-42C4-A4B7-C787EB086A64}.Debug|Any CPU.Build.0 = Debug|Any CPU
		{FD68C725-45A9-42C4-A4B7-C787EB086A64}.Release|Any CPU.ActiveCfg = Release|Any CPU
		{FD68C725-45A9-42C4-A4B7-C787EB086A64}.Release|Any CPU.Build.0 = Release|Any CPU
		{00510E4D-294C-4A16-9D47-EF216CB8A111}.Debug|Any CPU.ActiveCfg = Debug|Any CPU
		{00510E4D-294C-4A16-9D47-EF216CB8A111}.Debug|Any CPU.Build.0 = Debug|Any CPU
		{00510E4D-294C-4A16-9D47-EF216CB8A111}.Release|Any CPU.ActiveCfg = Release|Any CPU
		{00510E4D-294C-4A16-9D47-EF216CB8A111}.Release|Any CPU.Build.0 = Release|Any CPU
		{F5F7B7C0-42D2-4D1D-B196-4D1419F391CE}.Debug|Any CPU.ActiveCfg = Debug|Any CPU
		{F5F7B7C0-42D2-4D1D-B196-4D1419F391CE}.Debug|Any CPU.Build.0 = Debug|Any CPU
		{F5F7B7C0-42D2-4D1D-B196-4D1419F391CE}.Release|Any CPU.ActiveCfg = Release|Any CPU
		{F5F7B7C0-42D2-4D1D-B196-4D1419F391CE}.Release|Any CPU.Build.0 = Release|Any CPU
		{CCC1AACF-4E83-4C01-8D50-2BE11E9B4289}.Debug|Any CPU.ActiveCfg = Debug|Any CPU
		{CCC1AACF-4E83-4C01-8D50-2BE11E9B4289}.Debug|Any CPU.Build.0 = Debug|Any CPU
		{CCC1AACF-4E83-4C01-8D50-2BE11E9B4289}.Release|Any CPU.ActiveCfg = Release|Any CPU
		{CCC1AACF-4E83-4C01-8D50-2BE11E9B4289}.Release|Any CPU.Build.0 = Release|Any CPU
		{42939CC7-D4F0-4C07-8424-8E8674738768}.Debug|Any CPU.ActiveCfg = Debug|Any CPU
		{42939CC7-D4F0-4C07-8424-8E8674738768}.Debug|Any CPU.Build.0 = Debug|Any CPU
		{42939CC7-D4F0-4C07-8424-8E8674738768}.Release|Any CPU.ActiveCfg = Release|Any CPU
		{42939CC7-D4F0-4C07-8424-8E8674738768}.Release|Any CPU.Build.0 = Release|Any CPU
		{3E1BD27F-2E77-4C40-91A7-44B8E13EAF0A}.Debug|Any CPU.ActiveCfg = Debug|Any CPU
		{3E1BD27F-2E77-4C40-91A7-44B8E13EAF0A}.Debug|Any CPU.Build.0 = Debug|Any CPU
		{3E1BD27F-2E77-4C40-91A7-44B8E13EAF0A}.Release|Any CPU.ActiveCfg = Debug|Any CPU
		{3E1BD27F-2E77-4C40-91A7-44B8E13EAF0A}.Release|Any CPU.Build.0 = Debug|Any CPU
		{8ECF2DE9-03C1-1590-EF61-D5F56114455D}.Debug|Any CPU.ActiveCfg = Debug|Any CPU
		{8ECF2DE9-03C1-1590-EF61-D5F56114455D}.Debug|Any CPU.Build.0 = Debug|Any CPU
		{8ECF2DE9-03C1-1590-EF61-D5F56114455D}.Release|Any CPU.ActiveCfg = Release|Any CPU
		{8ECF2DE9-03C1-1590-EF61-D5F56114455D}.Release|Any CPU.Build.0 = Release|Any CPU
		{E6256244-C9FF-BF13-5469-6ADB59EB7D9F}.Debug|Any CPU.ActiveCfg = Debug|Any CPU
		{E6256244-C9FF-BF13-5469-6ADB59EB7D9F}.Debug|Any CPU.Build.0 = Debug|Any CPU
		{E6256244-C9FF-BF13-5469-6ADB59EB7D9F}.Release|Any CPU.ActiveCfg = Release|Any CPU
		{E6256244-C9FF-BF13-5469-6ADB59EB7D9F}.Release|Any CPU.Build.0 = Release|Any CPU
		{F87B683E-AA81-9EFB-BE52-FFBE6C40B09E}.Debug|Any CPU.ActiveCfg = Debug|Any CPU
		{F87B683E-AA81-9EFB-BE52-FFBE6C40B09E}.Debug|Any CPU.Build.0 = Debug|Any CPU
		{F87B683E-AA81-9EFB-BE52-FFBE6C40B09E}.Release|Any CPU.ActiveCfg = Release|Any CPU
		{F87B683E-AA81-9EFB-BE52-FFBE6C40B09E}.Release|Any CPU.Build.0 = Release|Any CPU
		{76001555-6640-D66F-E9E8-72A8794131A2}.Debug|Any CPU.ActiveCfg = Debug|Any CPU
		{76001555-6640-D66F-E9E8-72A8794131A2}.Debug|Any CPU.Build.0 = Debug|Any CPU
		{76001555-6640-D66F-E9E8-72A8794131A2}.Release|Any CPU.ActiveCfg = Release|Any CPU
		{76001555-6640-D66F-E9E8-72A8794131A2}.Release|Any CPU.Build.0 = Release|Any CPU
		{A58B193F-D567-B656-C77F-9E23B4FC6807}.Debug|Any CPU.ActiveCfg = Debug|Any CPU
		{A58B193F-D567-B656-C77F-9E23B4FC6807}.Debug|Any CPU.Build.0 = Debug|Any CPU
		{A58B193F-D567-B656-C77F-9E23B4FC6807}.Release|Any CPU.ActiveCfg = Release|Any CPU
		{A58B193F-D567-B656-C77F-9E23B4FC6807}.Release|Any CPU.Build.0 = Release|Any CPU
		{0DB4F5AF-56B4-3032-859E-8D9368CB810A}.Debug|Any CPU.ActiveCfg = Debug|Any CPU
		{0DB4F5AF-56B4-3032-859E-8D9368CB810A}.Debug|Any CPU.Build.0 = Debug|Any CPU
		{0DB4F5AF-56B4-3032-859E-8D9368CB810A}.Release|Any CPU.ActiveCfg = Release|Any CPU
		{0DB4F5AF-56B4-3032-859E-8D9368CB810A}.Release|Any CPU.Build.0 = Release|Any CPU
		{2A0F21A5-D05E-470C-B343-F76FA96A22A9}.Debug|Any CPU.ActiveCfg = Debug|Any CPU
		{2A0F21A5-D05E-470C-B343-F76FA96A22A9}.Debug|Any CPU.Build.0 = Debug|Any CPU
		{2A0F21A5-D05E-470C-B343-F76FA96A22A9}.Release|Any CPU.ActiveCfg = Release|Any CPU
		{2A0F21A5-D05E-470C-B343-F76FA96A22A9}.Release|Any CPU.Build.0 = Release|Any CPU
		{4D66D2BA-8AAB-4C44-98C6-8AAD00D04AFA}.Debug|Any CPU.ActiveCfg = Debug|Any CPU
		{4D66D2BA-8AAB-4C44-98C6-8AAD00D04AFA}.Debug|Any CPU.Build.0 = Debug|Any CPU
		{4D66D2BA-8AAB-4C44-98C6-8AAD00D04AFA}.Release|Any CPU.ActiveCfg = Release|Any CPU
		{4D66D2BA-8AAB-4C44-98C6-8AAD00D04AFA}.Release|Any CPU.Build.0 = Release|Any CPU
		{8FA03182-9783-4425-8E6A-A53A1C03E578}.Debug|Any CPU.ActiveCfg = Debug|Any CPU
		{8FA03182-9783-4425-8E6A-A53A1C03E578}.Debug|Any CPU.Build.0 = Debug|Any CPU
		{8FA03182-9783-4425-8E6A-A53A1C03E578}.Release|Any CPU.ActiveCfg = Release|Any CPU
		{8FA03182-9783-4425-8E6A-A53A1C03E578}.Release|Any CPU.Build.0 = Release|Any CPU
		{37F0BFA4-C5C9-441E-8C4F-010324A31D57}.Debug|Any CPU.ActiveCfg = Debug|Any CPU
		{37F0BFA4-C5C9-441E-8C4F-010324A31D57}.Debug|Any CPU.Build.0 = Debug|Any CPU
		{37F0BFA4-C5C9-441E-8C4F-010324A31D57}.Release|Any CPU.ActiveCfg = Release|Any CPU
		{37F0BFA4-C5C9-441E-8C4F-010324A31D57}.Release|Any CPU.Build.0 = Release|Any CPU
		{16E9094D-57D2-400A-9C44-2804436FCBEE}.Debug|Any CPU.ActiveCfg = Debug|Any CPU
		{16E9094D-57D2-400A-9C44-2804436FCBEE}.Debug|Any CPU.Build.0 = Debug|Any CPU
		{16E9094D-57D2-400A-9C44-2804436FCBEE}.Release|Any CPU.ActiveCfg = Release|Any CPU
		{16E9094D-57D2-400A-9C44-2804436FCBEE}.Release|Any CPU.Build.0 = Release|Any CPU
		{05EDB3AF-82D3-4AEB-A66F-8CE2EA3E0D20}.Debug|Any CPU.ActiveCfg = Debug|Any CPU
		{05EDB3AF-82D3-4AEB-A66F-8CE2EA3E0D20}.Debug|Any CPU.Build.0 = Debug|Any CPU
		{05EDB3AF-82D3-4AEB-A66F-8CE2EA3E0D20}.Release|Any CPU.ActiveCfg = Release|Any CPU
		{05EDB3AF-82D3-4AEB-A66F-8CE2EA3E0D20}.Release|Any CPU.Build.0 = Release|Any CPU
		{BDCFCAEF-7634-42F8-8760-71A0514DE0DD}.Debug|Any CPU.ActiveCfg = Debug|Any CPU
		{BDCFCAEF-7634-42F8-8760-71A0514DE0DD}.Debug|Any CPU.Build.0 = Debug|Any CPU
		{BDCFCAEF-7634-42F8-8760-71A0514DE0DD}.Release|Any CPU.ActiveCfg = Release|Any CPU
		{BDCFCAEF-7634-42F8-8760-71A0514DE0DD}.Release|Any CPU.Build.0 = Release|Any CPU
	EndGlobalSection
	GlobalSection(SolutionProperties) = preSolution
		HideSolutionNode = FALSE
	EndGlobalSection
	GlobalSection(NestedProjects) = preSolution
		{D8DEA354-29B0-4999-B087-D0D76B5F67D9} = {FE6B8933-A077-4486-B300-2362849A47AD}
	EndGlobalSection
	GlobalSection(ExtensibilityGlobals) = postSolution
		SolutionGuid = {FBBDFE16-2C65-4465-9DC9-C3B7BE447C7A}
	EndGlobalSection
EndGlobal
